# THIS IS AN AUTOGENERATED FILE. DO NOT EDIT THIS FILE DIRECTLY.
# yarn lockfile v1


diffyjs@2.0.0:
  version "2.0.0"
  resolved "https://registry.yarnpkg.com/diffyjs/-/diffyjs-2.0.0.tgz#74a92f67fd9a51b7ef9fa5f6bb3d40145efab9fc"
  integrity sha512-USc0bLLTWYaYcz/cVuolwutpC8jVCztKY8lTixbJu/ypv4APXzeGYxjFEjUkXDqSUDY2MTy3lgKlVH/Cc+O/xg==
